# This file is autogenerated, do not edit; changes may be undone by the next 'dep ensure'.


[[projects]]
  branch = "master"
  digest = "1:32bc3d1c9a875a955d980087c58ad8e696f7ff39ced3a77eae7b5cbb6dfdd937"
  name = "gonum.org/v1/gonum"
  packages = [
    "blas",
    "blas/blas64",
    "blas/cblas128",
    "blas/gonum",
    "floats",
    "internal/asm/c128",
    "internal/asm/f32",
    "internal/asm/f64",
    "internal/math32",
    "lapack",
    "lapack/gonum",
    "lapack/lapack64",
    "mat",
    "stat",
  ]
  pruneopts = "UT"
  revision = "5f11366cf084c17517c3058e3d23f7e0e84a7f1a"

[solve-meta]
  analyzer-name = "dep"
  analyzer-version = 1
  input-imports = [
    "gonum.org/v1/gonum/mat",
    "gonum.org/v1/gonum/stat",
  ]
  solver-name = "gps-cdcl"
  solver-version = 1
